
Microsoft Visual Studio Solution File, Format Version 12.00
# Visual Studio Version 17
VisualStudioVersion = 17.5.002.0
MinimumVisualStudioVersion = 10.0.40219.1
Project("{9A19103F-16F7-4668-BE54-9A1E7A4F7556}") = "DesafioProjetoHospedagem", "DesafioProjetoHospedagem.csproj", "{45629CE2-9A11-4AF6-BDD2-7AF665147B3A}"
EndProject
Global
	GlobalSection(SolutionConfigurationPlatforms) = preSolution
		Debug|Any CPU = Debug|Any CPU
		Release|Any CPU = Release|Any CPU
	EndGlobalSection
	GlobalSection(ProjectConfigurationPlatforms) = postSolution
		{45629CE2-9A11-4AF6-BDD2-7AF665147B3A}.Debug|Any CPU.ActiveCfg = Debug|Any CPU
		{45629CE2-9A11-4AF6-BDD2-7AF665147B3A}.Debug|Any CPU.Build.0 = Debug|Any CPU
		{45629CE2-9A11-4AF6-BDD2-7AF665147B3A}.Release|Any CPU.ActiveCfg = Release|Any CPU
		{45629CE2-9A11-4AF6-BDD2-7AF665147B3A}.Release|Any CPU.Build.0 = Release|Any CPU
	EndGlobalSection
	GlobalSection(SolutionProperties) = preSolution
		HideSolutionNode = FALSE
	EndGlobalSection
	GlobalSection(ExtensibilityGlobals) = postSolution
		SolutionGuid = {40F0A15D-E924-4912-9741-3C9F46531771}
	EndGlobalSection
EndGlobal
